// !$*UTF8*$!
{
	archiveVersion = 1;
	classes = {
	};
	objectVersion = 51;
	objects = {

/* Begin PBXBuildFile section */
		31157EA2252E7E67008CA7F7 /* AppDelegate.swift in Sources */ = {isa = PBXBuildFile; fileRef = 31157EA1252E7E67008CA7F7 /* AppDelegate.swift */; };
		31157EA4252E7E67008CA7F7 /* SceneDelegate.swift in Sources */ = {isa = PBXBuildFile; fileRef = 31157EA3252E7E67008CA7F7 /* SceneDelegate.swift */; };
		31157EA6252E7E67008CA7F7 /* LocationListViewController.swift in Sources */ = {isa = PBXBuildFile; fileRef = 31157EA5252E7E67008CA7F7 /* LocationListViewController.swift */; };
		31157EA9252E7E67008CA7F7 /* Main.storyboard in Resources */ = {isa = PBXBuildFile; fileRef = 31157EA7252E7E67008CA7F7 /* Main.storyboard */; };
		31157EAB252E7E6A008CA7F7 /* Assets.xcassets in Resources */ = {isa = PBXBuildFile; fileRef = 31157EAA252E7E6A008CA7F7 /* Assets.xcassets */; };
		31157EAE252E7E6A008CA7F7 /* LaunchScreen.storyboard in Resources */ = {isa = PBXBuildFile; fileRef = 31157EAC252E7E6A008CA7F7 /* LaunchScreen.storyboard */; };
		31157EB6252E7EE0008CA7F7 /* WeatherLocation.swift in Sources */ = {isa = PBXBuildFile; fileRef = 31157EB5252E7EE0008CA7F7 /* WeatherLocation.swift */; };
		314C95DF2544A19500C07C8D /* DailyTableViewCell.swift in Sources */ = {isa = PBXBuildFile; fileRef = 314C95DE2544A19500C07C8D /* DailyTableViewCell.swift */; };
		316E04DD252ECAA500F1E890 /* APIkeys.swift in Sources */ = {isa = PBXBuildFile; fileRef = 316E04DC252ECAA500F1E890 /* APIkeys.swift */; };
		316E04DF252F4AD600F1E890 /* LocationDetailViewController.swift in Sources */ = {isa = PBXBuildFile; fileRef = 316E04DE252F4AD600F1E890 /* LocationDetailViewController.swift */; };
		31712C5A25466AA700A14A93 /* AboutViewController.swift in Sources */ = {isa = PBXBuildFile; fileRef = 31712C5925466AA700A14A93 /* AboutViewController.swift */; };
		318B5EE72531104100967F62 /* WeatherDetail.swift in Sources */ = {isa = PBXBuildFile; fileRef = 318B5EE62531104100967F62 /* WeatherDetail.swift */; };
		31C7DA332530B12500938BF6 /* PageViewController.swift in Sources */ = {isa = PBXBuildFile; fileRef = 31C7DA322530B12500938BF6 /* PageViewController.swift */; };
		31FD436125461642001F0757 /* HourlyCollectionViewCell.swift in Sources */ = {isa = PBXBuildFile; fileRef = 31FD436025461642001F0757 /* HourlyCollectionViewCell.swift */; };
		31FD436325462A91001F0757 /* UIViewController+alert.swift in Sources */ = {isa = PBXBuildFile; fileRef = 31FD436225462A90001F0757 /* UIViewController+alert.swift */; };
		6DEE47868B5606EBDCC0EDF5 /* libPods-WeatherGift.a in Frameworks */ = {isa = PBXBuildFile; fileRef = 0A5965C3A377BF4A1BF6E94C /* libPods-WeatherGift.a */; };
/* End PBXBuildFile section */

/* Begin PBXFileReference section */
		0A5965C3A377BF4A1BF6E94C /* libPods-WeatherGift.a */ = {isa = PBXFileReference; explicitFileType = archive.ar; includeInIndex = 0; path = "libPods-WeatherGift.a"; sourceTree = BUILT_PRODUCTS_DIR; };
		23E61A7EE5C839EFDA579414 /* Pods-WeatherGift.release.xcconfig */ = {isa = PBXFileReference; includeInIndex = 1; lastKnownFileType = text.xcconfig; name = "Pods-WeatherGift.release.xcconfig"; path = "Target Support Files/Pods-WeatherGift/Pods-WeatherGift.release.xcconfig"; sourceTree = "<group>"; };
		245CD3FD7C2FC6A44044D1A4 /* Pods-WeatherGift.debug.xcconfig */ = {isa = PBXFileReference; includeInIndex = 1; lastKnownFileType = text.xcconfig; name = "Pods-WeatherGift.debug.xcconfig"; path = "Target Support Files/Pods-WeatherGift/Pods-WeatherGift.debug.xcconfig"; sourceTree = "<group>"; };
		31157E9E252E7E67008CA7F7 /* WeatherGift.app */ = {isa = PBXFileReference; explicitFileType = wrapper.application; includeInIndex = 0; path = WeatherGift.app; sourceTree = BUILT_PRODUCTS_DIR; };
		31157EA1252E7E67008CA7F7 /* AppDelegate.swift */ = {isa = PBXFileReference; lastKnownFileType = sourcecode.swift; path = AppDelegate.swift; sourceTree = "<group>"; };
		31157EA3252E7E67008CA7F7 /* SceneDelegate.swift */ = {isa = PBXFileReference; lastKnownFileType = sourcecode.swift; path = SceneDelegate.swift; sourceTree = "<group>"; };
		31157EA5252E7E67008CA7F7 /* LocationListViewController.swift */ = {isa = PBXFileReference; lastKnownFileType = sourcecode.swift; path = LocationListViewController.swift; sourceTree = "<group>"; };
		31157EA8252E7E67008CA7F7 /* Base */ = {isa = PBXFileReference; lastKnownFileType = file.storyboard; name = Base; path = Base.lproj/Main.storyboard; sourceTree = "<group>"; };
		31157EAA252E7E6A008CA7F7 /* Assets.xcassets */ = {isa = PBXFileReference; lastKnownFileType = folder.assetcatalog; path = Assets.xcassets; sourceTree = "<group>"; };
		31157EAD252E7E6A008CA7F7 /* Base */ = {isa = PBXFileReference; lastKnownFileType = file.storyboard; name = Base; path = Base.lproj/LaunchScreen.storyboard; sourceTree = "<group>"; };
		31157EAF252E7E6A008CA7F7 /* Info.plist */ = {isa = PBXFileReference; lastKnownFileType = text.plist.xml; path = Info.plist; sourceTree = "<group>"; };
		31157EB5252E7EE0008CA7F7 /* WeatherLocation.swift */ = {isa = PBXFileReference; lastKnownFileType = sourcecode.swift; path = WeatherLocation.swift; sourceTree = "<group>"; };
		314C95DE2544A19500C07C8D /* DailyTableViewCell.swift */ = {isa = PBXFileReference; lastKnownFileType = sourcecode.swift; path = DailyTableViewCell.swift; sourceTree = "<group>"; };
		316E04DC252ECAA500F1E890 /* APIkeys.swift */ = {isa = PBXFileReference; lastKnownFileType = sourcecode.swift; path = APIkeys.swift; sourceTree = "<group>"; };
		316E04DE252F4AD600F1E890 /* LocationDetailViewController.swift */ = {isa = PBXFileReference; lastKnownFileType = sourcecode.swift; path = LocationDetailViewController.swift; sourceTree = "<group>"; };
		31712C5925466AA700A14A93 /* AboutViewController.swift */ = {isa = PBXFileReference; lastKnownFileType = sourcecode.swift; path = AboutViewController.swift; sourceTree = "<group>"; };
		318B5EE62531104100967F62 /* WeatherDetail.swift */ = {isa = PBXFileReference; lastKnownFileType = sourcecode.swift; path = WeatherDetail.swift; sourceTree = "<group>"; };
		31C7DA322530B12500938BF6 /* PageViewController.swift */ = {isa = PBXFileReference; lastKnownFileType = sourcecode.swift; path = PageViewController.swift; sourceTree = "<group>"; };
		31FD436025461642001F0757 /* HourlyCollectionViewCell.swift */ = {isa = PBXFileReference; lastKnownFileType = sourcecode.swift; path = HourlyCollectionViewCell.swift; sourceTree = "<group>"; };
		31FD436225462A90001F0757 /* UIViewController+alert.swift */ = {isa = PBXFileReference; fileEncoding = 4; lastKnownFileType = sourcecode.swift; path = "UIViewController+alert.swift"; sourceTree = "<group>"; };
/* End PBXFileReference section */

/* Begin PBXFrameworksBuildPhase section */
		31157E9B252E7E67008CA7F7 /* Frameworks */ = {
			isa = PBXFrameworksBuildPhase;
			buildActionMask = 2147483647;
			files = (
				6DEE47868B5606EBDCC0EDF5 /* libPods-WeatherGift.a in Frameworks */,
			);
			runOnlyForDeploymentPostprocessing = 0;
		};
/* End PBXFrameworksBuildPhase section */

/* Begin PBXGroup section */
		0521A9777E7BFB1A2B6E724A /* Pods */ = {
			isa = PBXGroup;
			children = (
				245CD3FD7C2FC6A44044D1A4 /* Pods-WeatherGift.debug.xcconfig */,
				23E61A7EE5C839EFDA579414 /* Pods-WeatherGift.release.xcconfig */,
			);
			path = Pods;
			sourceTree = "<group>";
		};
		31157E95252E7E67008CA7F7 = {
			isa = PBXGroup;
			children = (
				31157EA0252E7E67008CA7F7 /* WeatherGift */,
				31157E9F252E7E67008CA7F7 /* Products */,
				0521A9777E7BFB1A2B6E724A /* Pods */,
				56DEC1B19B42DED02E2B47AF /* Frameworks */,
			);
			sourceTree = "<group>";
		};
		31157E9F252E7E67008CA7F7 /* Products */ = {
			isa = PBXGroup;
			children = (
				31157E9E252E7E67008CA7F7 /* WeatherGift.app */,
			);
			name = Products;
			sourceTree = "<group>";
		};
		31157EA0252E7E67008CA7F7 /* WeatherGift */ = {
			isa = PBXGroup;
			children = (
				316E04DC252ECAA500F1E890 /* APIkeys.swift */,
				31157EA1252E7E67008CA7F7 /* AppDelegate.swift */,
				31157EA3252E7E67008CA7F7 /* SceneDelegate.swift */,
				31FD436225462A90001F0757 /* UIViewController+alert.swift */,
				31157EB5252E7EE0008CA7F7 /* WeatherLocation.swift */,
				318B5EE62531104100967F62 /* WeatherDetail.swift */,
				31C7DA322530B12500938BF6 /* PageViewController.swift */,
				316E04DE252F4AD600F1E890 /* LocationDetailViewController.swift */,
				31157EA5252E7E67008CA7F7 /* LocationListViewController.swift */,
				31712C5925466AA700A14A93 /* AboutViewController.swift */,
				314C95DE2544A19500C07C8D /* DailyTableViewCell.swift */,
				31FD436025461642001F0757 /* HourlyCollectionViewCell.swift */,
				31157EA7252E7E67008CA7F7 /* Main.storyboard */,
				31157EAA252E7E6A008CA7F7 /* Assets.xcassets */,
				31157EAC252E7E6A008CA7F7 /* LaunchScreen.storyboard */,
				31157EAF252E7E6A008CA7F7 /* Info.plist */,
			);
			path = WeatherGift;
			sourceTree = "<group>";
		};
		56DEC1B19B42DED02E2B47AF /* Frameworks */ = {
			isa = PBXGroup;
			children = (
				0A5965C3A377BF4A1BF6E94C /* libPods-WeatherGift.a */,
			);
			name = Frameworks;
			sourceTree = "<group>";
		};
/* End PBXGroup section */

/* Begin PBXNativeTarget section */
		31157E9D252E7E67008CA7F7 /* WeatherGift */ = {
			isa = PBXNativeTarget;
			buildConfigurationList = 31157EB2252E7E6A008CA7F7 /* Build configuration list for PBXNativeTarget "WeatherGift" */;
			buildPhases = (
				9C2F8BD21700487AC7F97BBD /* [CP] Check Pods Manifest.lock */,
				31157E9A252E7E67008CA7F7 /* Sources */,
				31157E9B252E7E67008CA7F7 /* Frameworks */,
				31157E9C252E7E67008CA7F7 /* Resources */,
				E5C3051127A536250953F7E3 /* [CP] Copy Pods Resources */,
			);
			buildRules = (
			);
			dependencies = (
			);
			name = WeatherGift;
			productName = WeatherGift;
			productReference = 31157E9E252E7E67008CA7F7 /* WeatherGift.app */;
			productType = "com.apple.product-type.application";
		};
/* End PBXNativeTarget section */

/* Begin PBXProject section */
		31157E96252E7E67008CA7F7 /* Project object */ = {
			isa = PBXProject;
			attributes = {
				LastSwiftUpdateCheck = 1160;
				LastUpgradeCheck = 1160;
				ORGANIZATIONNAME = "Brenden Picioane";
				TargetAttributes = {
					31157E9D252E7E67008CA7F7 = {
						CreatedOnToolsVersion = 11.6;
					};
				};
			};
			buildConfigurationList = 31157E99252E7E67008CA7F7 /* Build configuration list for PBXProject "WeatherGift" */;
			compatibilityVersion = "Xcode 9.3";
			developmentRegion = en;
			hasScannedForEncodings = 0;
			knownRegions = (
				en,
				Base,
			);
			mainGroup = 31157E95252E7E67008CA7F7;
			productRefGroup = 31157E9F252E7E67008CA7F7 /* Products */;
			projectDirPath = "";
			projectRoot = "";
			targets = (
				31157E9D252E7E67008CA7F7 /* WeatherGift */,
			);
		};
/* End PBXProject section */

/* Begin PBXResourcesBuildPhase section */
		31157E9C252E7E67008CA7F7 /* Resources */ = {
			isa = PBXResourcesBuildPhase;
			buildActionMask = 2147483647;
			files = (
				31157EAE252E7E6A008CA7F7 /* LaunchScreen.storyboard in Resources */,
				31157EAB252E7E6A008CA7F7 /* Assets.xcassets in Resources */,
				31157EA9252E7E67008CA7F7 /* Main.storyboard in Resources */,
			);
			runOnlyForDeploymentPostprocessing = 0;
		};
/* End PBXResourcesBuildPhase section */

/* Begin PBXShellScriptBuildPhase section */
		9C2F8BD21700487AC7F97BBD /* [CP] Check Pods Manifest.lock */ = {
			isa = PBXShellScriptBuildPhase;
			buildActionMask = 2147483647;
			files = (
			);
			inputFileListPaths = (
			);
			inputPaths = (
				"${PODS_PODFILE_DIR_PATH}/Podfile.lock",
				"${PODS_ROOT}/Manifest.lock",
			);
			name = "[CP] Check Pods Manifest.lock";
			outputFileListPaths = (
			);
			outputPaths = (
				"$(DERIVED_FILE_DIR)/Pods-WeatherGift-checkManifestLockResult.txt",
			);
			runOnlyForDeploymentPostprocessing = 0;
			shellPath = /bin/sh;
			shellScript = "diff \"${PODS_PODFILE_DIR_PATH}/Podfile.lock\" \"${PODS_ROOT}/Manifest.lock\" > /dev/null\nif [ $? != 0 ] ; then\n    # print error to STDERR\n    echo \"error: The sandbox is not in sync with the Podfile.lock. Run 'pod install' or update your CocoaPods installation.\" >&2\n    exit 1\nfi\n# This output is used by Xcode 'outputs' to avoid re-running this script phase.\necho \"SUCCESS\" > \"${SCRIPT_OUTPUT_FILE_0}\"\n";
			showEnvVarsInLog = 0;
		};
		E5C3051127A536250953F7E3 /* [CP] Copy Pods Resources */ = {
			isa = PBXShellScriptBuildPhase;
			buildActionMask = 2147483647;
			files = (
			);
			inputFileListPaths = (
				"${PODS_ROOT}/Target Support Files/Pods-WeatherGift/Pods-WeatherGift-resources-${CONFIGURATION}-input-files.xcfilelist",
			);
			name = "[CP] Copy Pods Resources";
			outputFileListPaths = (
				"${PODS_ROOT}/Target Support Files/Pods-WeatherGift/Pods-WeatherGift-resources-${CONFIGURATION}-output-files.xcfilelist",
			);
			runOnlyForDeploymentPostprocessing = 0;
			shellPath = /bin/sh;
			shellScript = "\"${PODS_ROOT}/Target Support Files/Pods-WeatherGift/Pods-WeatherGift-resources.sh\"\n";
			showEnvVarsInLog = 0;
		};
/* End PBXShellScriptBuildPhase section */

/* Begin PBXSourcesBuildPhase section */
		31157E9A252E7E67008CA7F7 /* Sources */ = {
			isa = PBXSourcesBuildPhase;
			buildActionMask = 2147483647;
			files = (
				314C95DF2544A19500C07C8D /* DailyTableViewCell.swift in Sources */,
				31157EA6252E7E67008CA7F7 /* LocationListViewController.swift in Sources */,
				318B5EE72531104100967F62 /* WeatherDetail.swift in Sources */,
				31C7DA332530B12500938BF6 /* PageViewController.swift in Sources */,
				31157EB6252E7EE0008CA7F7 /* WeatherLocation.swift in Sources */,
				316E04DD252ECAA500F1E890 /* APIkeys.swift in Sources */,
				31712C5A25466AA700A14A93 /* AboutViewController.swift in Sources */,
				31157EA2252E7E67008CA7F7 /* AppDelegate.swift in Sources */,
				31FD436325462A91001F0757 /* UIViewController+alert.swift in Sources */,
				316E04DF252F4AD600F1E890 /* LocationDetailViewController.swift in Sources */,
				31157EA4252E7E67008CA7F7 /* SceneDelegate.swift in Sources */,
				31FD436125461642001F0757 /* HourlyCollectionViewCell.swift in Sources */,
			);
			runOnlyForDeploymentPostprocessing = 0;
		};
/* End PBXSourcesBuildPhase section */

/* Begin PBXVariantGroup section */
		31157EA7252E7E67008CA7F7 /* Main.storyboard */ = {
			isa = PBXVariantGroup;
			children = (
				31157EA8252E7E67008CA7F7 /* Base */,
			);
			name = Main.storyboard;
			sourceTree = "<group>";
		};
		31157EAC252E7E6A008CA7F7 /* LaunchScreen.storyboard */ = {
			isa = PBXVariantGroup;
			children = (
				31157EAD252E7E6A008CA7F7 /* Base */,
			);
			name = LaunchScreen.storyboard;
			sourceTree = "<group>";
		};
/* End PBXVariantGroup section */

/* Begin XCBuildConfiguration section */
		31157EB0252E7E6A008CA7F7 /* Debug */ = {
			isa = XCBuildConfiguration;
			buildSettings = {
				ALWAYS_SEARCH_USER_PATHS = NO;
				CLANG_ANALYZER_NONNULL = YES;
				CLANG_ANALYZER_NUMBER_OBJECT_CONVERSION = YES_AGGRESSIVE;
				CLANG_CXX_LANGUAGE_STANDARD = "gnu++14";
				CLANG_CXX_LIBRARY = "libc++";
				CLANG_ENABLE_MODULES = YES;
				CLANG_ENABLE_OBJC_ARC = YES;
				CLANG_ENABLE_OBJC_WEAK = YES;
				CLANG_WARN_BLOCK_CAPTURE_AUTORELEASING = YES;
				CLANG_WARN_BOOL_CONVERSION = YES;
				CLANG_WARN_COMMA = YES;
				CLANG_WARN_CONSTANT_CONVERSION = YES;
				CLANG_WARN_DEPRECATED_OBJC_IMPLEMENTATIONS = YES;
				CLANG_WARN_DIRECT_OBJC_ISA_USAGE = YES_ERROR;
				CLANG_WARN_DOCUMENTATION_COMMENTS = YES;
				CLANG_WARN_EMPTY_BODY = YES;
				CLANG_WARN_ENUM_CONVERSION = YES;
				CLANG_WARN_INFINITE_RECURSION = YES;
				CLANG_WARN_INT_CONVERSION = YES;
				CLANG_WARN_NON_LITERAL_NULL_CONVERSION = YES;
				CLANG_WARN_OBJC_IMPLICIT_RETAIN_SELF = YES;
				CLANG_WARN_OBJC_LITERAL_CONVERSION = YES;
				CLANG_WARN_OBJC_ROOT_CLASS = YES_ERROR;
				CLANG_WARN_RANGE_LOOP_ANALYSIS = YES;
				CLANG_WARN_STRICT_PROTOTYPES = YES;
				CLANG_WARN_SUSPICIOUS_MOVE = YES;
				CLANG_WARN_UNGUARDED_AVAILABILITY = YES_AGGRESSIVE;
				CLANG_WARN_UNREACHABLE_CODE = YES;
				CLANG_WARN__DUPLICATE_METHOD_MATCH = YES;
				COPY_PHASE_STRIP = NO;
				DEBUG_INFORMATION_FORMAT = dwarf;
				ENABLE_STRICT_OBJC_MSGSEND = YES;
				ENABLE_TESTABILITY = YES;
				GCC_C_LANGUAGE_STANDARD = gnu11;
				GCC_DYNAMIC_NO_PIC = NO;
				GCC_NO_COMMON_BLOCKS = YES;
				GCC_OPTIMIZATION_LEVEL = 0;
				GCC_PREPROCESSOR_DEFINITIONS = (
					"DEBUG=1",
					"$(inherited)",
				);
				GCC_WARN_64_TO_32_BIT_CONVERSION = YES;
				GCC_WARN_ABOUT_RETURN_TYPE = YES_ERROR;
				GCC_WARN_UNDECLARED_SELECTOR = YES;
				GCC_WARN_UNINITIALIZED_AUTOS = YES_AGGRESSIVE;
				GCC_WARN_UNUSED_FUNCTION = YES;
				GCC_WARN_UNUSED_VARIABLE = YES;
				IPHONEOS_DEPLOYMENT_TARGET = 13.6;
				MTL_ENABLE_DEBUG_INFO = INCLUDE_SOURCE;
				MTL_FAST_MATH = YES;
				ONLY_ACTIVE_ARCH = YES;
				SDKROOT = iphoneos;
				SWIFT_ACTIVE_COMPILATION_CONDITIONS = DEBUG;
				SWIFT_OPTIMIZATION_LEVEL = "-Onone";
			};
			name = Debug;
		};
		31157EB1252E7E6A008CA7F7 /* Release */ = {
			isa = XCBuildConfiguration;
			buildSettings = {
				ALWAYS_SEARCH_USER_PATHS = NO;
				CLANG_ANALYZER_NONNULL = YES;
				CLANG_ANALYZER_NUMBER_OBJECT_CONVERSION = YES_AGGRESSIVE;
				CLANG_CXX_LANGUAGE_STANDARD = "gnu++14";
				CLANG_CXX_LIBRARY = "libc++";
				CLANG_ENABLE_MODULES = YES;
				CLANG_ENABLE_OBJC_ARC = YES;
				CLANG_ENABLE_OBJC_WEAK = YES;
				CLANG_WARN_BLOCK_CAPTURE_AUTORELEASING = YES;
				CLANG_WARN_BOOL_CONVERSION = YES;
				CLANG_WARN_COMMA = YES;
				CLANG_WARN_CONSTANT_CONVERSION = YES;
				CLANG_WARN_DEPRECATED_OBJC_IMPLEMENTATIONS = YES;
				CLANG_WARN_DIRECT_OBJC_ISA_USAGE = YES_ERROR;
				CLANG_WARN_DOCUMENTATION_COMMENTS = YES;
				CLANG_WARN_EMPTY_BODY = YES;
				CLANG_WARN_ENUM_CONVERSION = YES;
				CLANG_WARN_INFINITE_RECURSION = YES;
				CLANG_WARN_INT_CONVERSION = YES;
				CLANG_WARN_NON_LITERAL_NULL_CONVERSION = YES;
				CLANG_WARN_OBJC_IMPLICIT_RETAIN_SELF = YES;
				CLANG_WARN_OBJC_LITERAL_CONVERSION = YES;
				CLANG_WARN_OBJC_ROOT_CLASS = YES_ERROR;
				CLANG_WARN_RANGE_LOOP_ANALYSIS = YES;
				CLANG_WARN_STRICT_PROTOTYPES = YES;
				CLANG_WARN_SUSPICIOUS_MOVE = YES;
				CLANG_WARN_UNGUARDED_AVAILABILITY = YES_AGGRESSIVE;
				CLANG_WARN_UNREACHABLE_CODE = YES;
				CLANG_WARN__DUPLICATE_METHOD_MATCH = YES;
				COPY_PHASE_STRIP = NO;
				DEBUG_INFORMATION_FORMAT = "dwarf-with-dsym";
				ENABLE_NS_ASSERTIONS = NO;
				ENABLE_STRICT_OBJC_MSGSEND = YES;
				GCC_C_LANGUAGE_STANDARD = gnu11;
				GCC_NO_COMMON_BLOCKS = YES;
				GCC_WARN_64_TO_32_BIT_CONVERSION = YES;
				GCC_WARN_ABOUT_RETURN_TYPE = YES_ERROR;
				GCC_WARN_UNDECLARED_SELECTOR = YES;
				GCC_WARN_UNINITIALIZED_AUTOS = YES_AGGRESSIVE;
				GCC_WARN_UNUSED_FUNCTION = YES;
				GCC_WARN_UNUSED_VARIABLE = YES;
				IPHONEOS_DEPLOYMENT_TARGET = 13.6;
				MTL_ENABLE_DEBUG_INFO = NO;
				MTL_FAST_MATH = YES;
				SDKROOT = iphoneos;
				SWIFT_COMPILATION_MODE = wholemodule;
				SWIFT_OPTIMIZATION_LEVEL = "-O";
				VALIDATE_PRODUCT = YES;
			};
			name = Release;
		};
		31157EB3252E7E6A008CA7F7 /* Debug */ = {
			isa = XCBuildConfiguration;
			baseConfigurationReference = 245CD3FD7C2FC6A44044D1A4 /* Pods-WeatherGift.debug.xcconfig */;
			buildSettings = {
				ASSETCATALOG_COMPILER_APPICON_NAME = AppIcon;
				CODE_SIGN_STYLE = Automatic;
				DEVELOPMENT_TEAM = MY39RX8C69;
				INFOPLIST_FILE = WeatherGift/Info.plist;
				LD_RUNPATH_SEARCH_PATHS = (
					"$(inherited)",
					"@executable_path/Frameworks",
				);
				PRODUCT_BUNDLE_IDENTIFIER = com.bpicioane.WeatherGift;
				PRODUCT_NAME = "$(TARGET_NAME)";
				SWIFT_VERSION = 5.0;
				TARGETED_DEVICE_FAMILY = "1,2";
			};
			name = Debug;
		};
		31157EB4252E7E6A008CA7F7 /* Release */ = {
			isa = XCBuildConfiguration;
			baseConfigurationReference = 23E61A7EE5C839EFDA579414 /* Pods-WeatherGift.release.xcconfig */;
			buildSettings = {
				ASSETCATALOG_COMPILER_APPICON_NAME = AppIcon;
				CODE_SIGN_STYLE = Automatic;
				DEVELOPMENT_TEAM = MY39RX8C69;
				INFOPLIST_FILE = WeatherGift/Info.plist;
				LD_RUNPATH_SEARCH_PATHS = (
					"$(inherited)",
					"@executable_path/Frameworks",
				);
				PRODUCT_BUNDLE_IDENTIFIER = com.bpicioane.WeatherGift;
				PRODUCT_NAME = "$(TARGET_NAME)";
				SWIFT_VERSION = 5.0;
				TARGETED_DEVICE_FAMILY = "1,2";
			};
			name = Release;
		};
/* End XCBuildConfiguration section */

/* Begin XCConfigurationList section */
		31157E99252E7E67008CA7F7 /* Build configuration list for PBXProject "WeatherGift" */ = {
			isa = XCConfigurationList;
			buildConfigurations = (
				31157EB0252E7E6A008CA7F7 /* Debug */,
				31157EB1252E7E6A008CA7F7 /* Release */,
			);
			defaultConfigurationIsVisible = 0;
			defaultConfigurationName = Release;
		};
		31157EB2252E7E6A008CA7F7 /* Build configuration list for PBXNativeTarget "WeatherGift" */ = {
			isa = XCConfigurationList;
			buildConfigurations = (
				31157EB3252E7E6A008CA7F7 /* Debug */,
				31157EB4252E7E6A008CA7F7 /* Release */,
			);
			defaultConfigurationIsVisible = 0;
			defaultConfigurationName = Release;
		};
/* End XCConfigurationList section */
	};
	rootObject = 31157E96252E7E67008CA7F7 /* Project object */;
}
